
Microsoft Visual Studio Solution File, Format Version 12.00
# Visual Studio Version 17
VisualStudioVersion = 17.1.32120.378
MinimumVisualStudioVersion = 10.0.40219.1
Project("{9A19103F-16F7-4668-BE54-9A1E7A4F7556}") = "Example.Api.Abstractions", "Abstractions\Example.Api.Abstractions.csproj", "{04D70810-6D52-4BCA-94E0-E5138C3923BE}"
EndProject
Project("{9A19103F-16F7-4668-BE54-9A1E7A4F7556}") = "Example.Api.Adapters", "Adapters\Example.Api.Adapters.csproj", "{FB92BB0B-2A3F-4A6D-8547-7993BF9DA5D2}"
EndProject
Project("{9A19103F-16F7-4668-BE54-9A1E7A4F7556}") = "Example.Api.Core", "Core\Example.Api.Core.csproj", "{388A04AE-1081-445B-8DDC-B837AA5D0F3D}"
EndProject
Project("{9A19103F-16F7-4668-BE54-9A1E7A4F7556}") = "Example.Api.Db", "Db\Example.Api.Db.csproj", "{658D04DC-7D4E-46E2-9F49-4000CFD77C79}"
EndProject
Project("{9A19103F-16F7-4668-BE54-9A1E7A4F7556}") = "Example.Api.Web", "Web\Example.Api.Web.csproj", "{0FF2058F-F09A-41DE-A77C-EAB037F2742D}"
EndProject
Global
	GlobalSection(SolutionConfigurationPlatforms) = preSolution
		Debug|Any CPU = Debug|Any CPU
		Release|Any CPU = Release|Any CPU
	EndGlobalSection
	GlobalSection(ProjectConfigurationPlatforms) = postSolution
		{04D70810-6D52-4BCA-94E0-E5138C3923BE}.Debug|Any CPU.ActiveCfg = Debug|Any CPU
		{04D70810-6D52-4BCA-94E0-E5138C3923BE}.Debug|Any CPU.Build.0 = Debug|Any CPU
		{04D70810-6D52-4BCA-94E0-E5138C3923BE}.Release|Any CPU.ActiveCfg = Release|Any CPU
		{04D70810-6D52-4BCA-94E0-E5138C3923BE}.Release|Any CPU.Build.0 = Release|Any CPU
		{FB92BB0B-2A3F-4A6D-8547-7993BF9DA5D2}.Debug|Any CPU.ActiveCfg = Debug|Any CPU
		{FB92BB0B-2A3F-4A6D-8547-7993BF9DA5D2}.Debug|Any CPU.Build.0 = Debug|Any CPU
		{FB92BB0B-2A3F-4A6D-8547-7993BF9DA5D2}.Release|Any CPU.ActiveCfg = Release|Any CPU
		{FB92BB0B-2A3F-4A6D-8547-7993BF9DA5D2}.Release|Any CPU.Build.0 = Release|Any CPU
		{388A04AE-1081-445B-8DDC-B837AA5D0F3D}.Debug|Any CPU.ActiveCfg = Debug|Any CPU
		{388A04AE-1081-445B-8DDC-B837AA5D0F3D}.Debug|Any CPU.Build.0 = Debug|Any CPU
		{388A04AE-1081-445B-8DDC-B837AA5D0F3D}.Release|Any CPU.ActiveCfg = Release|Any CPU
		{388A04AE-1081-445B-8DDC-B837AA5D0F3D}.Release|Any CPU.Build.0 = Release|Any CPU
		{658D04DC-7D4E-46E2-9F49-4000CFD77C79}.Debug|Any CPU.ActiveCfg = Debug|Any CPU
		{658D04DC-7D4E-46E2-9F49-4000CFD77C79}.Debug|Any CPU.Build.0 = Debug|Any CPU
		{658D04DC-7D4E-46E2-9F49-4000CFD77C79}.Release|Any CPU.ActiveCfg = Release|Any CPU
		{658D04DC-7D4E-46E2-9F49-4000CFD77C79}.Release|Any CPU.Build.0 = Release|Any CPU
		{0FF2058F-F09A-41DE-A77C-EAB037F2742D}.Debug|Any CPU.ActiveCfg = Debug|Any CPU
		{0FF2058F-F09A-41DE-A77C-EAB037F2742D}.Debug|Any CPU.Build.0 = Debug|Any CPU
		{0FF2058F-F09A-41DE-A77C-EAB037F2742D}.Release|Any CPU.ActiveCfg = Release|Any CPU
		{0FF2058F-F09A-41DE-A77C-EAB037F2742D}.Release|Any CPU.Build.0 = Release|Any CPU
	EndGlobalSection
	GlobalSection(SolutionProperties) = preSolution
		HideSolutionNode = FALSE
	EndGlobalSection
	GlobalSection(ExtensibilityGlobals) = postSolution
		SolutionGuid = {E1772C4C-73A6-4520-8FF8-35363674A984}
	EndGlobalSection
EndGlobal
